PODS:
  - Nimble (8.0.4)
  - Quick (2.2.0)
  - Realm (4.0.0):
    - Realm/Headers (= 4.0.0)
  - Realm/Headers (4.0.0)
  - RealmSwift (4.0.0):
    - Realm (= 4.0.0)

DEPENDENCIES:
  - Nimble
  - Quick
  - RealmSwift

SPEC REPOS:
  trunk:
    - Nimble
    - Quick
    - Realm
    - RealmSwift

SPEC CHECKSUMS:
  Nimble: 18d5360282923225d62b09d781f63abc1a0111fc
  Quick: 7fb19e13be07b5dfb3b90d4f9824c855a11af40e
  Realm: 0c5b8f398daeec5b29824e41c453ff9e126e31d8
  RealmSwift: 02e1f604f7091ec535145055764ca53efa8cdc92

PODFILE CHECKSUM: 38afe5a7db197e0e75b95318c7f5c5e0258ac8fa

COCOAPODS: 1.8.4
