PODS:
  - Nimble (3.2.0)
  - Quick (0.9.1)
  - Realm (0.98.6):
    - Realm/Headers (= 0.98.6)
  - Realm/Headers (0.98.6)
  - RealmSwift (0.98.6):
    - Realm (= 0.98.6)

DEPENDENCIES:
  - Nimble
  - Quick
  - RealmSwift

SPEC CHECKSUMS:
  Nimble: 703854335d181df169bbca9c97117b5cf8c47c1d
  Quick: a5221fc21788b6aeda934805e68b061839bc3165
  Realm: 44803f35418c5d89b27825a564247fcd190de37e
  RealmSwift: c7239c52c83f8c43525a5269ba7be1694da33afc

PODFILE CHECKSUM: 079031a9099bf7a1d8d4a35d1006b1d4f2cbb009

COCOAPODS: 1.0.0.beta.6
