PODS:
  - Nimble (7.3.1)
  - Quick (1.3.2)
  - Realm (3.11.1):
    - Realm/Headers (= 3.11.1)
  - Realm/Headers (3.11.1)
  - RealmSwift (3.11.1):
    - Realm (= 3.11.1)

DEPENDENCIES:
  - Nimble
  - Quick
  - RealmSwift

SPEC REPOS:
  https://github.com/cocoapods/specs.git:
    - Nimble
    - Quick
    - Realm
    - RealmSwift

SPEC CHECKSUMS:
  Nimble: 04f732da099ea4d153122aec8c2a88fd0c7219ae
  Quick: 2623cb30d7a7f41ca62f684f679586558f483d46
  Realm: 037c5919b9ceb59d6beed5d3b031096856b119b3
  RealmSwift: c9580133e73ef40ed340401af2dbc9a5790dfea7

PODFILE CHECKSUM: 1015daf472a17055cd1c8afac36a7b81fb7fa8e0

COCOAPODS: 1.6.0.beta.1
